{
  "name": "live-date-time",
  "version": "1.0.0",
  "lockfileVersion": 2,
  "requires": true,
  "packages": {
    "": {
      "name": "live-date-time",
      "version": "1.0.0",
      "license": "MIT",
      "peerDependencies": {
        "react": "^17.0.2",
        "react-dom": "^17.0.2"
      }
    }
  }
}
